{
    "name": "spicetify-extensions",
    "lockfileVersion": 2,
    "requires": true,
    "packages": {
        "": {
            "name": "spicetify-extensions",
            "license": "MIT",
            "devDependencies": {
                "prettier": "^2.8.6"
            }
        },
        "node_modules/prettier": {
            "version": "2.8.6",
            "resolved": "https://registry.npmjs.org/prettier/-/prettier-2.8.6.tgz",
            "integrity": "sha512-mtuzdiBbHwPEgl7NxWlqOkithPyp4VN93V7VeHVWBF+ad3I5avc0RVDT4oImXQy9H/AqxA2NSQH8pSxHW6FYbQ==",
            "dev": true,
            "bin": {
                "prettier": "bin-prettier.js"
            },
            "engines": {
                "node": ">=10.13.0"
            },
            "funding": {
                "url": "https://github.com/prettier/prettier?sponsor=1"
            }
        }
    },
    "dependencies": {
        "prettier": {
            "version": "2.8.6",
            "resolved": "https://registry.npmjs.org/prettier/-/prettier-2.8.6.tgz",
            "integrity": "sha512-mtuzdiBbHwPEgl7NxWlqOkithPyp4VN93V7VeHVWBF+ad3I5avc0RVDT4oImXQy9H/AqxA2NSQH8pSxHW6FYbQ==",
            "dev": true
        }
    }
}
