{
    "name": "image-opener",
    "lockfileVersion": 2,
    "requires": true,
    "packages": {
        "": {
            "name": "image-opener",
            "license": "MIT",
            "dependencies": {
                "copy-image-clipboard": "^2.1.2"
            }
        },
        "node_modules/copy-image-clipboard": {
            "version": "2.1.2",
            "resolved": "https://registry.npmjs.org/copy-image-clipboard/-/copy-image-clipboard-2.1.2.tgz",
            "integrity": "sha512-3VCXVl2IpFfOyD8drv9DozcNlwmqBqxOlsgkEGyVAzadjlPk1go8YNZyy8QmTnwHPxSFpeCR9OdsStEdVK7qDA=="
        }
    },
    "dependencies": {
        "copy-image-clipboard": {
            "version": "2.1.2",
            "resolved": "https://registry.npmjs.org/copy-image-clipboard/-/copy-image-clipboard-2.1.2.tgz",
            "integrity": "sha512-3VCXVl2IpFfOyD8drv9DozcNlwmqBqxOlsgkEGyVAzadjlPk1go8YNZyy8QmTnwHPxSFpeCR9OdsStEdVK7qDA=="
        }
    }
}
